
Microsoft Visual Studio Solution File, Format Version 12.00
# Visual Studio Version 17
VisualStudioVersion = 17.6.33829.357
MinimumVisualStudioVersion = 10.0.40219.1
Project("{9A19103F-16F7-4668-BE54-9A1E7A4F7556}") = "DesignPattern.API", "DesignPattern.API\DesignPattern.API.csproj", "{12B7E519-341E-49CC-B164-7C1B1E26A84C}"
EndProject
Project("{9A19103F-16F7-4668-BE54-9A1E7A4F7556}") = "DesignPattern.Singleton.DAL", "DesignPattern.Singleton.DAL\DesignPattern.Singleton.DAL.csproj", "{C2E41755-A740-4EC5-9EA6-1343F669B31C}"
EndProject
Project("{9A19103F-16F7-4668-BE54-9A1E7A4F7556}") = "DesignPattern.Factory.BAL", "DesignPattern.Factory.BAL\DesignPattern.Factory.BAL.csproj", "{503BADA6-2BA6-437F-B1E4-BCA077479872}"
EndProject
Project("{9A19103F-16F7-4668-BE54-9A1E7A4F7556}") = "DesignPatterns.AbstractFactory.BAL", "DesignPatterns.AbstractFactory.BAL\DesignPatterns.AbstractFactory.BAL.csproj", "{04BF75F4-D115-4476-A8EA-16637A70B1D6}"
EndProject
Project("{FAE04EC0-301F-11D3-BF4B-00C04F79EFBC}") = "DesignPatterns.Repository.DAL", "DesignPatterns.Repository.DAL\DesignPatterns.Repository.DAL.csproj", "{4E299413-9194-4176-8A6B-5B54E0900BAA}"
EndProject
Project("{FAE04EC0-301F-11D3-BF4B-00C04F79EFBC}") = "DesignPatterns.CQRS.DAL", "DesignPatterns.CQRS.DAL\DesignPatterns.CQRS.DAL.csproj", "{7E1B876D-07C8-457B-96B6-3720390D0FBB}"
EndProject
Global
	GlobalSection(SolutionConfigurationPlatforms) = preSolution
		Debug|Any CPU = Debug|Any CPU
		Release|Any CPU = Release|Any CPU
	EndGlobalSection
	GlobalSection(ProjectConfigurationPlatforms) = postSolution
		{12B7E519-341E-49CC-B164-7C1B1E26A84C}.Debug|Any CPU.ActiveCfg = Debug|Any CPU
		{12B7E519-341E-49CC-B164-7C1B1E26A84C}.Debug|Any CPU.Build.0 = Debug|Any CPU
		{12B7E519-341E-49CC-B164-7C1B1E26A84C}.Release|Any CPU.ActiveCfg = Release|Any CPU
		{12B7E519-341E-49CC-B164-7C1B1E26A84C}.Release|Any CPU.Build.0 = Release|Any CPU
		{C2E41755-A740-4EC5-9EA6-1343F669B31C}.Debug|Any CPU.ActiveCfg = Debug|Any CPU
		{C2E41755-A740-4EC5-9EA6-1343F669B31C}.Debug|Any CPU.Build.0 = Debug|Any CPU
		{C2E41755-A740-4EC5-9EA6-1343F669B31C}.Release|Any CPU.ActiveCfg = Release|Any CPU
		{C2E41755-A740-4EC5-9EA6-1343F669B31C}.Release|Any CPU.Build.0 = Release|Any CPU
		{503BADA6-2BA6-437F-B1E4-BCA077479872}.Debug|Any CPU.ActiveCfg = Debug|Any CPU
		{503BADA6-2BA6-437F-B1E4-BCA077479872}.Debug|Any CPU.Build.0 = Debug|Any CPU
		{503BADA6-2BA6-437F-B1E4-BCA077479872}.Release|Any CPU.ActiveCfg = Release|Any CPU
		{503BADA6-2BA6-437F-B1E4-BCA077479872}.Release|Any CPU.Build.0 = Release|Any CPU
		{04BF75F4-D115-4476-A8EA-16637A70B1D6}.Debug|Any CPU.ActiveCfg = Debug|Any CPU
		{04BF75F4-D115-4476-A8EA-16637A70B1D6}.Debug|Any CPU.Build.0 = Debug|Any CPU
		{04BF75F4-D115-4476-A8EA-16637A70B1D6}.Release|Any CPU.ActiveCfg = Release|Any CPU
		{04BF75F4-D115-4476-A8EA-16637A70B1D6}.Release|Any CPU.Build.0 = Release|Any CPU
		{4E299413-9194-4176-8A6B-5B54E0900BAA}.Debug|Any CPU.ActiveCfg = Debug|Any CPU
		{4E299413-9194-4176-8A6B-5B54E0900BAA}.Debug|Any CPU.Build.0 = Debug|Any CPU
		{4E299413-9194-4176-8A6B-5B54E0900BAA}.Release|Any CPU.ActiveCfg = Release|Any CPU
		{4E299413-9194-4176-8A6B-5B54E0900BAA}.Release|Any CPU.Build.0 = Release|Any CPU
		{7E1B876D-07C8-457B-96B6-3720390D0FBB}.Debug|Any CPU.ActiveCfg = Debug|Any CPU
		{7E1B876D-07C8-457B-96B6-3720390D0FBB}.Debug|Any CPU.Build.0 = Debug|Any CPU
		{7E1B876D-07C8-457B-96B6-3720390D0FBB}.Release|Any CPU.ActiveCfg = Release|Any CPU
		{7E1B876D-07C8-457B-96B6-3720390D0FBB}.Release|Any CPU.Build.0 = Release|Any CPU
	EndGlobalSection
	GlobalSection(SolutionProperties) = preSolution
		HideSolutionNode = FALSE
	EndGlobalSection
	GlobalSection(ExtensibilityGlobals) = postSolution
		SolutionGuid = {D3C5A041-19AD-4F64-9CC5-E305FD072C4A}
	EndGlobalSection
EndGlobal
